
Microsoft Visual Studio Solution File, Format Version 12.00
# Visual Studio 15
VisualStudioVersion = 15.0.26430.6
MinimumVisualStudioVersion = 10.0.40219.1
Project("{FAE04EC0-301F-11D3-BF4B-00C04F79EFBC}") = "ACM_BL", "ACM BL\ACM_BL.csproj", "{3D837F6B-9EFF-4917-83DB-D39220FA659D}"
EndProject
Project("{2150E333-8FDC-42A3-9474-1A3956D46DE8}") = "Tests", "Tests", "{EA4B90E5-27A7-41C9-BB32-662AF0A436DA}"
EndProject
Project("{FAE04EC0-301F-11D3-BF4B-00C04F79EFBC}") = "ACL.BL Test", "ACL.BL Test\ACL.BL Test.csproj", "{3E20874F-D745-438F-B785-5ABC1ED17C18}"
EndProject
Global
	GlobalSection(SolutionConfigurationPlatforms) = preSolution
		Debug|Any CPU = Debug|Any CPU
		Release|Any CPU = Release|Any CPU
	EndGlobalSection
	GlobalSection(ProjectConfigurationPlatforms) = postSolution
		{3D837F6B-9EFF-4917-83DB-D39220FA659D}.Debug|Any CPU.ActiveCfg = Debug|Any CPU
		{3D837F6B-9EFF-4917-83DB-D39220FA659D}.Debug|Any CPU.Build.0 = Debug|Any CPU
		{3D837F6B-9EFF-4917-83DB-D39220FA659D}.Release|Any CPU.ActiveCfg = Release|Any CPU
		{3D837F6B-9EFF-4917-83DB-D39220FA659D}.Release|Any CPU.Build.0 = Release|Any CPU
		{3E20874F-D745-438F-B785-5ABC1ED17C18}.Debug|Any CPU.ActiveCfg = Debug|Any CPU
		{3E20874F-D745-438F-B785-5ABC1ED17C18}.Debug|Any CPU.Build.0 = Debug|Any CPU
		{3E20874F-D745-438F-B785-5ABC1ED17C18}.Release|Any CPU.ActiveCfg = Release|Any CPU
		{3E20874F-D745-438F-B785-5ABC1ED17C18}.Release|Any CPU.Build.0 = Release|Any CPU
	EndGlobalSection
	GlobalSection(SolutionProperties) = preSolution
		HideSolutionNode = FALSE
	EndGlobalSection
	GlobalSection(NestedProjects) = preSolution
		{3E20874F-D745-438F-B785-5ABC1ED17C18} = {EA4B90E5-27A7-41C9-BB32-662AF0A436DA}
	EndGlobalSection
EndGlobal
